
Microsoft Visual Studio Solution File, Format Version 12.00
# Visual Studio Version 16
VisualStudioVersion = 16.0.29306.81
MinimumVisualStudioVersion = 10.0.40219.1
Project("{FAE04EC0-301F-11D3-BF4B-00C04F79EFBC}") = "KsWare.Presentation.Converters.Svg", "KsWare.Presentation.Converters.Svg\KsWare.Presentation.Converters.Svg.csproj", "{23C4ADA6-2313-428B-B77D-BF448CAD639B}"
EndProject
Project("{2150E333-8FDC-42A3-9474-1A3956D46DE8}") = "Solution Items", "Solution Items", "{08693A3F-D9F1-4FAA-B503-2EFC2618583E}"
	ProjectSection(SolutionItems) = preProject
		..\.gitattributes = ..\.gitattributes
		..\.gitignore = ..\.gitignore
		KsWare.Presentation.Converters.Svg\KsWare.Presentation.Converters.Svg.nuspec = KsWare.Presentation.Converters.Svg\KsWare.Presentation.Converters.Svg.nuspec
		..\LICENSE = ..\LICENSE
		..\README.md = ..\README.md
		ReleaseNotes.md = ReleaseNotes.md
	EndProjectSection
EndProject
Global
	GlobalSection(SolutionConfigurationPlatforms) = preSolution
		Debug|Any CPU = Debug|Any CPU
		Release|Any CPU = Release|Any CPU
	EndGlobalSection
	GlobalSection(ProjectConfigurationPlatforms) = postSolution
		{23C4ADA6-2313-428B-B77D-BF448CAD639B}.Debug|Any CPU.ActiveCfg = Debug|Any CPU
		{23C4ADA6-2313-428B-B77D-BF448CAD639B}.Debug|Any CPU.Build.0 = Debug|Any CPU
		{23C4ADA6-2313-428B-B77D-BF448CAD639B}.Release|Any CPU.ActiveCfg = Release|Any CPU
		{23C4ADA6-2313-428B-B77D-BF448CAD639B}.Release|Any CPU.Build.0 = Release|Any CPU
	EndGlobalSection
	GlobalSection(SolutionProperties) = preSolution
		HideSolutionNode = FALSE
	EndGlobalSection
	GlobalSection(ExtensibilityGlobals) = postSolution
		SolutionGuid = {8911B889-20AA-4506-9759-8093E5A4C4F7}
	EndGlobalSection
EndGlobal
